# This file is automatically @generated by Cargo.
# It is not intended for manual editing.
version = 4

[[package]]
name = "a5"
version = "0.6.2"
source = "registry+https://github.com/rust-lang/crates.io-index"
checksum = "e361af3d66b0a676171062c9efa0a5905bb58e9a642335a161b0d3fa7a5f553d"
dependencies = [
 "lazy_static",
]

[[package]]
name = "lazy_static"
version = "1.5.0"
source = "registry+https://github.com/rust-lang/crates.io-index"
checksum = "bbd2bcb4c963f2ddae06a2efc7e9f3591312473c50c6685e1f298068316e66fe"

[[package]]
name = "qa_rust_oracle"
version = "0.1.0"
dependencies = [
 "a5",
]
